
Microsoft Visual Studio Solution File, Format Version 12.00
# Visual Studio Version 17
VisualStudioVersion = 17.10.34928.147
MinimumVisualStudioVersion = 10.0.40219.1
Project("{9A19103F-16F7-4668-BE54-9A1E7A4F7556}") = "PerformanceTestApi", "PerformanceTestApi\PerformanceTestApi.csproj", "{9680CA31-5872-437D-84E1-B4ACB8562E53}"
EndProject
Project("{FAE04EC0-301F-11D3-BF4B-00C04F79EFBC}") = "IntergrationTests", "IntergrationTests\IntergrationTests.csproj", "{9B44D907-37C5-4BDA-8C6B-3B4DFF98385C}"
EndProject
Global
	GlobalSection(SolutionConfigurationPlatforms) = preSolution
		Debug|Any CPU = Debug|Any CPU
		Release|Any CPU = Release|Any CPU
	EndGlobalSection
	GlobalSection(ProjectConfigurationPlatforms) = postSolution
		{9680CA31-5872-437D-84E1-B4ACB8562E53}.Debug|Any CPU.ActiveCfg = Debug|Any CPU
		{9680CA31-5872-437D-84E1-B4ACB8562E53}.Debug|Any CPU.Build.0 = Debug|Any CPU
		{9680CA31-5872-437D-84E1-B4ACB8562E53}.Release|Any CPU.ActiveCfg = Release|Any CPU
		{9680CA31-5872-437D-84E1-B4ACB8562E53}.Release|Any CPU.Build.0 = Release|Any CPU
		{9B44D907-37C5-4BDA-8C6B-3B4DFF98385C}.Debug|Any CPU.ActiveCfg = Debug|Any CPU
		{9B44D907-37C5-4BDA-8C6B-3B4DFF98385C}.Debug|Any CPU.Build.0 = Debug|Any CPU
		{9B44D907-37C5-4BDA-8C6B-3B4DFF98385C}.Release|Any CPU.ActiveCfg = Release|Any CPU
		{9B44D907-37C5-4BDA-8C6B-3B4DFF98385C}.Release|Any CPU.Build.0 = Release|Any CPU
	EndGlobalSection
	GlobalSection(SolutionProperties) = preSolution
		HideSolutionNode = FALSE
	EndGlobalSection
	GlobalSection(ExtensibilityGlobals) = postSolution
		SolutionGuid = {2364E265-D21E-4AE5-B087-951E63F10448}
	EndGlobalSection
EndGlobal
